
Microsoft Visual Studio Solution File, Format Version 12.00
# Visual Studio Version 16
VisualStudioVersion = 16.0.29324.140
MinimumVisualStudioVersion = 10.0.40219.1
Project("{FAE04EC0-301F-11D3-BF4B-00C04F79EFBC}") = "IsraelBnB", "IsraelBnB\IsraelBnB.csproj", "{FEF636C4-32BC-4AF4-8731-B3C196124D40}"
EndProject
Global
	GlobalSection(SolutionConfigurationPlatforms) = preSolution
		Debug|Any CPU = Debug|Any CPU
		Release|Any CPU = Release|Any CPU
	EndGlobalSection
	GlobalSection(ProjectConfigurationPlatforms) = postSolution
		{FEF636C4-32BC-4AF4-8731-B3C196124D40}.Debug|Any CPU.ActiveCfg = Debug|Any CPU
		{FEF636C4-32BC-4AF4-8731-B3C196124D40}.Debug|Any CPU.Build.0 = Debug|Any CPU
		{FEF636C4-32BC-4AF4-8731-B3C196124D40}.Release|Any CPU.ActiveCfg = Release|Any CPU
		{FEF636C4-32BC-4AF4-8731-B3C196124D40}.Release|Any CPU.Build.0 = Release|Any CPU
	EndGlobalSection
	GlobalSection(SolutionProperties) = preSolution
		HideSolutionNode = FALSE
	EndGlobalSection
	GlobalSection(ExtensibilityGlobals) = postSolution
		SolutionGuid = {5972FA0D-8A4D-48CC-8CC4-A8EF6D84F9CD}
	EndGlobalSection
EndGlobal
